{
  "name": "@runopencode/webcomponents",
  "version": "0.0.1",
  "lockfileVersion": 1,
  "requires": true,
  "dependencies": {
    "@stencil/core": {
      "version": "1.0.0-beta.2",
      "resolved": "https://registry.npmjs.org/@stencil/core/-/core-1.0.0-beta.2.tgz",
      "integrity": "sha512-RRkR8s2hmlC6U1fjYgJsFOIIiHhFURyQQLYDpoo8eeUQWW3QSdNrHfqLjw0MmgqaYAIUi68EL50eJSmQjffFRw==",
      "dev": true,
      "requires": {
        "typescript": "3.4.5"
      }
    },
    "@stencil/sass": {
      "version": "0.2.1",
      "resolved": "https://registry.npmjs.org/@stencil/sass/-/sass-0.2.1.tgz",
      "integrity": "sha512-/yElBDP7Q/diheHr3ZRP4NAVC53qOEgUWE0mymP7R/iwdOwvrwwzfWWrNSWV+O9apE4SfRs7P9CrKXGzMKTqSg==",
      "dev": true
    },
    "typescript": {
      "version": "3.4.5",
      "resolved": "https://registry.npmjs.org/typescript/-/typescript-3.4.5.tgz",
      "integrity": "sha512-YycBxUb49UUhdNMU5aJ7z5Ej2XGmaIBL0x34vZ82fn3hGvD+bgrMrVDpatgz2f7YxUMJxMkbWxJZeAvDxVe7Vw==",
      "dev": true
    }
  }
}
